
Microsoft Visual Studio Solution File, Format Version 12.00
# Visual Studio Version 17
VisualStudioVersion = 17.14.36401.2 d17.14
MinimumVisualStudioVersion = 10.0.40219.1
Project("{FAE04EC0-301F-11D3-BF4B-00C04F79EFBC}") = "TP2", "TP2\TP2.csproj", "{A382DE90-B3A5-4795-B96C-A652A62E89BA}"
EndProject
Global
	GlobalSection(SolutionConfigurationPlatforms) = preSolution
		Debug|Any CPU = Debug|Any CPU
		Release|Any CPU = Release|Any CPU
	EndGlobalSection
	GlobalSection(ProjectConfigurationPlatforms) = postSolution
		{A382DE90-B3A5-4795-B96C-A652A62E89BA}.Debug|Any CPU.ActiveCfg = Debug|Any CPU
		{A382DE90-B3A5-4795-B96C-A652A62E89BA}.Debug|Any CPU.Build.0 = Debug|Any CPU
		{A382DE90-B3A5-4795-B96C-A652A62E89BA}.Release|Any CPU.ActiveCfg = Release|Any CPU
		{A382DE90-B3A5-4795-B96C-A652A62E89BA}.Release|Any CPU.Build.0 = Release|Any CPU
	EndGlobalSection
	GlobalSection(SolutionProperties) = preSolution
		HideSolutionNode = FALSE
	EndGlobalSection
	GlobalSection(ExtensibilityGlobals) = postSolution
		SolutionGuid = {0F88109A-ED7F-4E89-B0AE-791CE33E6732}
	EndGlobalSection
EndGlobal
